
Microsoft Visual Studio Solution File, Format Version 12.00
# Visual Studio Version 16
VisualStudioVersion = 16.0.31424.327
MinimumVisualStudioVersion = 10.0.40219.1
Project("{FAE04EC0-301F-11D3-BF4B-00C04F79EFBC}") = "Mock twitter", "Mock twitter\Mock twitter.csproj", "{F86B772D-666E-46D1-BABE-0ADE8551B27E}"
EndProject
Global
	GlobalSection(SolutionConfigurationPlatforms) = preSolution
		Debug|Any CPU = Debug|Any CPU
		Release|Any CPU = Release|Any CPU
	EndGlobalSection
	GlobalSection(ProjectConfigurationPlatforms) = postSolution
		{F86B772D-666E-46D1-BABE-0ADE8551B27E}.Debug|Any CPU.ActiveCfg = Debug|Any CPU
		{F86B772D-666E-46D1-BABE-0ADE8551B27E}.Debug|Any CPU.Build.0 = Debug|Any CPU
		{F86B772D-666E-46D1-BABE-0ADE8551B27E}.Release|Any CPU.ActiveCfg = Release|Any CPU
		{F86B772D-666E-46D1-BABE-0ADE8551B27E}.Release|Any CPU.Build.0 = Release|Any CPU
	EndGlobalSection
	GlobalSection(SolutionProperties) = preSolution
		HideSolutionNode = FALSE
	EndGlobalSection
	GlobalSection(ExtensibilityGlobals) = postSolution
		SolutionGuid = {85F6788C-74D1-4E52-9951-94A83316588E}
	EndGlobalSection
EndGlobal
